
Microsoft Visual Studio Solution File, Format Version 12.00
# Visual Studio Version 17
VisualStudioVersion = 17.11.35312.102
MinimumVisualStudioVersion = 10.0.40219.1
Project("{FAE04EC0-301F-11D3-BF4B-00C04F79EFBC}") = "Detective", "Detective\Detective.csproj", "{CFE1608E-1217-4964-BC44-6D610EBC5FCC}"
EndProject
Global
	GlobalSection(SolutionConfigurationPlatforms) = preSolution
		Debug|Any CPU = Debug|Any CPU
		Release|Any CPU = Release|Any CPU
	EndGlobalSection
	GlobalSection(ProjectConfigurationPlatforms) = postSolution
		{CFE1608E-1217-4964-BC44-6D610EBC5FCC}.Debug|Any CPU.ActiveCfg = Debug|Any CPU
		{CFE1608E-1217-4964-BC44-6D610EBC5FCC}.Debug|Any CPU.Build.0 = Debug|Any CPU
		{CFE1608E-1217-4964-BC44-6D610EBC5FCC}.Release|Any CPU.ActiveCfg = Release|Any CPU
		{CFE1608E-1217-4964-BC44-6D610EBC5FCC}.Release|Any CPU.Build.0 = Release|Any CPU
	EndGlobalSection
	GlobalSection(SolutionProperties) = preSolution
		HideSolutionNode = FALSE
	EndGlobalSection
	GlobalSection(ExtensibilityGlobals) = postSolution
		SolutionGuid = {C87754BD-CCFB-474C-A615-E7DAC9C19187}
	EndGlobalSection
EndGlobal
